
Microsoft Visual Studio Solution File, Format Version 12.00
# Visual Studio Version 17
VisualStudioVersion = 17.7.34221.43
MinimumVisualStudioVersion = 10.0.40219.1
Project("{FAE04EC0-301F-11D3-BF4B-00C04F79EFBC}") = "WebApplication2", "WebApplication2.csproj", "{55A471B4-5AEE-4F3C-8729-C3145F85AA9C}"
EndProject
Global
	GlobalSection(SolutionConfigurationPlatforms) = preSolution
		Debug|Any CPU = Debug|Any CPU
		Release|Any CPU = Release|Any CPU
	EndGlobalSection
	GlobalSection(ProjectConfigurationPlatforms) = postSolution
		{55A471B4-5AEE-4F3C-8729-C3145F85AA9C}.Debug|Any CPU.ActiveCfg = Debug|Any CPU
		{55A471B4-5AEE-4F3C-8729-C3145F85AA9C}.Debug|Any CPU.Build.0 = Debug|Any CPU
		{55A471B4-5AEE-4F3C-8729-C3145F85AA9C}.Release|Any CPU.ActiveCfg = Release|Any CPU
		{55A471B4-5AEE-4F3C-8729-C3145F85AA9C}.Release|Any CPU.Build.0 = Release|Any CPU
	EndGlobalSection
	GlobalSection(SolutionProperties) = preSolution
		HideSolutionNode = FALSE
	EndGlobalSection
	GlobalSection(ExtensibilityGlobals) = postSolution
		SolutionGuid = {F898C542-56BB-41A1-82F4-5B97BF8B0496}
	EndGlobalSection
EndGlobal
