
Microsoft Visual Studio Solution File, Format Version 12.00
# Visual Studio Version 17
VisualStudioVersion = 17.7.34221.43
MinimumVisualStudioVersion = 10.0.40219.1
Project("{FAE04EC0-301F-11D3-BF4B-00C04F79EFBC}") = "Template", "Template.csproj", "{2CBC0629-914B-4F13-8BA0-77B3E991FF80}"
EndProject
Global
	GlobalSection(SolutionConfigurationPlatforms) = preSolution
		Debug|Any CPU = Debug|Any CPU
		Release|Any CPU = Release|Any CPU
	EndGlobalSection
	GlobalSection(ProjectConfigurationPlatforms) = postSolution
		{2CBC0629-914B-4F13-8BA0-77B3E991FF80}.Debug|Any CPU.ActiveCfg = Debug|Any CPU
		{2CBC0629-914B-4F13-8BA0-77B3E991FF80}.Debug|Any CPU.Build.0 = Debug|Any CPU
		{2CBC0629-914B-4F13-8BA0-77B3E991FF80}.Release|Any CPU.ActiveCfg = Release|Any CPU
		{2CBC0629-914B-4F13-8BA0-77B3E991FF80}.Release|Any CPU.Build.0 = Release|Any CPU
	EndGlobalSection
	GlobalSection(SolutionProperties) = preSolution
		HideSolutionNode = FALSE
	EndGlobalSection
	GlobalSection(ExtensibilityGlobals) = postSolution
		SolutionGuid = {362FA386-3EAD-45AE-AC61-261C87953D4F}
	EndGlobalSection
EndGlobal
