
Microsoft Visual Studio Solution File, Format Version 12.00
# Visual Studio Version 17
VisualStudioVersion = 17.7.34221.43
MinimumVisualStudioVersion = 10.0.40219.1
Project("{FAE04EC0-301F-11D3-BF4B-00C04F79EFBC}") = "WebApplication8", "WebApplication8.csproj", "{7934F4DE-EDEA-4FDE-88A6-30FFB15C5299}"
EndProject
Global
	GlobalSection(SolutionConfigurationPlatforms) = preSolution
		Debug|Any CPU = Debug|Any CPU
		Release|Any CPU = Release|Any CPU
	EndGlobalSection
	GlobalSection(ProjectConfigurationPlatforms) = postSolution
		{7934F4DE-EDEA-4FDE-88A6-30FFB15C5299}.Debug|Any CPU.ActiveCfg = Debug|Any CPU
		{7934F4DE-EDEA-4FDE-88A6-30FFB15C5299}.Debug|Any CPU.Build.0 = Debug|Any CPU
		{7934F4DE-EDEA-4FDE-88A6-30FFB15C5299}.Release|Any CPU.ActiveCfg = Release|Any CPU
		{7934F4DE-EDEA-4FDE-88A6-30FFB15C5299}.Release|Any CPU.Build.0 = Release|Any CPU
	EndGlobalSection
	GlobalSection(SolutionProperties) = preSolution
		HideSolutionNode = FALSE
	EndGlobalSection
	GlobalSection(ExtensibilityGlobals) = postSolution
		SolutionGuid = {4DDF2C6B-A5E9-4926-80F0-5AC9A38A5143}
	EndGlobalSection
EndGlobal
